// !$*UTF8*$!
{
	archiveVersion = 1;
	classes = {
	};
	objectVersion = 46;
	objects = {

/* Begin PBXBuildFile section */
		83DA16871A17EB07004E0837 /* AppDelegate.swift in Sources */ = {isa = PBXBuildFile; fileRef = 83DA16861A17EB07004E0837 /* AppDelegate.swift */; };
		83DA16891A17EB07004E0837 /* ViewController.swift in Sources */ = {isa = PBXBuildFile; fileRef = 83DA16881A17EB07004E0837 /* ViewController.swift */; };
		83DA168C1A17EB07004E0837 /* Main.storyboard in Resources */ = {isa = PBXBuildFile; fileRef = 83DA168A1A17EB07004E0837 /* Main.storyboard */; };
		83DA168E1A17EB07004E0837 /* Images.xcassets in Resources */ = {isa = PBXBuildFile; fileRef = 83DA168D1A17EB07004E0837 /* Images.xcassets */; };
		83DA16911A17EB07004E0837 /* LaunchScreen.xib in Resources */ = {isa = PBXBuildFile; fileRef = 83DA168F1A17EB07004E0837 /* LaunchScreen.xib */; };
		83DA169D1A17EB07004E0837 /* WarTests.swift in Sources */ = {isa = PBXBuildFile; fileRef = 83DA169C1A17EB07004E0837 /* WarTests.swift */; };
/* End PBXBuildFile section */

/* Begin PBXContainerItemProxy section */
		83DA16971A17EB07004E0837 /* PBXContainerItemProxy */ = {
			isa = PBXContainerItemProxy;
			containerPortal = 83DA16791A17EB07004E0837 /* Project object */;
			proxyType = 1;
			remoteGlobalIDString = 83DA16801A17EB07004E0837;
			remoteInfo = War;
		};
/* End PBXContainerItemProxy section */

/* Begin PBXFileReference section */
		83DA16811A17EB07004E0837 /* War.app */ = {isa = PBXFileReference; explicitFileType = wrapper.application; includeInIndex = 0; path = War.app; sourceTree = BUILT_PRODUCTS_DIR; };
		83DA16851A17EB07004E0837 /* Info.plist */ = {isa = PBXFileReference; lastKnownFileType = text.plist.xml; path = Info.plist; sourceTree = "<group>"; };
		83DA16861A17EB07004E0837 /* AppDelegate.swift */ = {isa = PBXFileReference; lastKnownFileType = sourcecode.swift; path = AppDelegate.swift; sourceTree = "<group>"; };
		83DA16881A17EB07004E0837 /* ViewController.swift */ = {isa = PBXFileReference; lastKnownFileType = sourcecode.swift; path = ViewController.swift; sourceTree = "<group>"; };
		83DA168B1A17EB07004E0837 /* Base */ = {isa = PBXFileReference; lastKnownFileType = file.storyboard; name = Base; path = Base.lproj/Main.storyboard; sourceTree = "<group>"; };
		83DA168D1A17EB07004E0837 /* Images.xcassets */ = {isa = PBXFileReference; lastKnownFileType = folder.assetcatalog; path = Images.xcassets; sourceTree = "<group>"; };
		83DA16901A17EB07004E0837 /* Base */ = {isa = PBXFileReference; lastKnownFileType = file.xib; name = Base; path = Base.lproj/LaunchScreen.xib; sourceTree = "<group>"; };
		83DA16961A17EB07004E0837 /* WarTests.xctest */ = {isa = PBXFileReference; explicitFileType = wrapper.cfbundle; includeInIndex = 0; path = WarTests.xctest; sourceTree = BUILT_PRODUCTS_DIR; };
		83DA169B1A17EB07004E0837 /* Info.plist */ = {isa = PBXFileReference; lastKnownFileType = text.plist.xml; path = Info.plist; sourceTree = "<group>"; };
		83DA169C1A17EB07004E0837 /* WarTests.swift */ = {isa = PBXFileReference; lastKnownFileType = sourcecode.swift; path = WarTests.swift; sourceTree = "<group>"; };
/* End PBXFileReference section */

/* Begin PBXFrameworksBuildPhase section */
		83DA167E1A17EB07004E0837 /* Frameworks */ = {
			isa = PBXFrameworksBuildPhase;
			buildActionMask = 2147483647;
			files = (
			);
			runOnlyForDeploymentPostprocessing = 0;
		};
		83DA16931A17EB07004E0837 /* Frameworks */ = {
			isa = PBXFrameworksBuildPhase;
			buildActionMask = 2147483647;
			files = (
			);
			runOnlyForDeploymentPostprocessing = 0;
		};
/* End PBXFrameworksBuildPhase section */

/* Begin PBXGroup section */
		83DA16781A17EB07004E0837 = {
			isa = PBXGroup;
			children = (
				83DA16831A17EB07004E0837 /* War */,
				83DA16991A17EB07004E0837 /* WarTests */,
				83DA16821A17EB07004E0837 /* Products */,
			);
			sourceTree = "<group>";
		};
		83DA16821A17EB07004E0837 /* Products */ = {
			isa = PBXGroup;
			children = (
				83DA16811A17EB07004E0837 /* War.app */,
				83DA16961A17EB07004E0837 /* WarTests.xctest */,
			);
			name = Products;
			sourceTree = "<group>";
		};
		83DA16831A17EB07004E0837 /* War */ = {
			isa = PBXGroup;
			children = (
				83DA16861A17EB07004E0837 /* AppDelegate.swift */,
				83DA16881A17EB07004E0837 /* ViewController.swift */,
				83DA168A1A17EB07004E0837 /* Main.storyboard */,
				83DA168D1A17EB07004E0837 /* Images.xcassets */,
				83DA168F1A17EB07004E0837 /* LaunchScreen.xib */,
				83DA16841A17EB07004E0837 /* Supporting Files */,
			);
			path = War;
			sourceTree = "<group>";
		};
		83DA16841A17EB07004E0837 /* Supporting Files */ = {
			isa = PBXGroup;
			children = (
				83DA16851A17EB07004E0837 /* Info.plist */,
			);
			name = "Supporting Files";
			sourceTree = "<group>";
		};
		83DA16991A17EB07004E0837 /* WarTests */ = {
			isa = PBXGroup;
			children = (
				83DA169C1A17EB07004E0837 /* WarTests.swift */,
				83DA169A1A17EB07004E0837 /* Supporting Files */,
			);
			path = WarTests;
			sourceTree = "<group>";
		};
		83DA169A1A17EB07004E0837 /* Supporting Files */ = {
			isa = PBXGroup;
			children = (
				83DA169B1A17EB07004E0837 /* Info.plist */,
			);
			name = "Supporting Files";
			sourceTree = "<group>";
		};
/* End PBXGroup section */

/* Begin PBXNativeTarget section */
		83DA16801A17EB07004E0837 /* War */ = {
			isa = PBXNativeTarget;
			buildConfigurationList = 83DA16A01A17EB07004E0837 /* Build configuration list for PBXNativeTarget "War" */;
			buildPhases = (
				83DA167D1A17EB07004E0837 /* Sources */,
				83DA167E1A17EB07004E0837 /* Frameworks */,
				83DA167F1A17EB07004E0837 /* Resources */,
			);
			buildRules = (
			);
			dependencies = (
			);
			name = War;
			productName = War;
			productReference = 83DA16811A17EB07004E0837 /* War.app */;
			productType = "com.apple.product-type.application";
		};
		83DA16951A17EB07004E0837 /* WarTests */ = {
			isa = PBXNativeTarget;
			buildConfigurationList = 83DA16A31A17EB07004E0837 /* Build configuration list for PBXNativeTarget "WarTests" */;
			buildPhases = (
				83DA16921A17EB07004E0837 /* Sources */,
				83DA16931A17EB07004E0837 /* Frameworks */,
				83DA16941A17EB07004E0837 /* Resources */,
			);
			buildRules = (
			);
			dependencies = (
				83DA16981A17EB07004E0837 /* PBXTargetDependency */,
			);
			name = WarTests;
			productName = WarTests;
			productReference = 83DA16961A17EB07004E0837 /* WarTests.xctest */;
			productType = "com.apple.product-type.bundle.unit-test";
		};
/* End PBXNativeTarget section */

/* Begin PBXProject section */
		83DA16791A17EB07004E0837 /* Project object */ = {
			isa = PBXProject;
			attributes = {
				LastUpgradeCheck = 0610;
				ORGANIZATIONNAME = "Christopher Valorose";
				TargetAttributes = {
					83DA16801A17EB07004E0837 = {
						CreatedOnToolsVersion = 6.1;
					};
					83DA16951A17EB07004E0837 = {
						CreatedOnToolsVersion = 6.1;
						TestTargetID = 83DA16801A17EB07004E0837;
					};
				};
			};
			buildConfigurationList = 83DA167C1A17EB07004E0837 /* Build configuration list for PBXProject "War" */;
			compatibilityVersion = "Xcode 3.2";
			developmentRegion = English;
			hasScannedForEncodings = 0;
			knownRegions = (
				en,
				Base,
			);
			mainGroup = 83DA16781A17EB07004E0837;
			productRefGroup = 83DA16821A17EB07004E0837 /* Products */;
			projectDirPath = "";
			projectRoot = "";
			targets = (
				83DA16801A17EB07004E0837 /* War */,
				83DA16951A17EB07004E0837 /* WarTests */,
			);
		};
/* End PBXProject section */

/* Begin PBXResourcesBuildPhase section */
		83DA167F1A17EB07004E0837 /* Resources */ = {
			isa = PBXResourcesBuildPhase;
			buildActionMask = 2147483647;
			files = (
				83DA168C1A17EB07004E0837 /* Main.storyboard in Resources */,
				83DA16911A17EB07004E0837 /* LaunchScreen.xib in Resources */,
				83DA168E1A17EB07004E0837 /* Images.xcassets in Resources */,
			);
			runOnlyForDeploymentPostprocessing = 0;
		};
		83DA16941A17EB07004E0837 /* Resources */ = {
			isa = PBXResourcesBuildPhase;
			buildActionMask = 2147483647;
			files = (
			);
			runOnlyForDeploymentPostprocessing = 0;
		};
/* End PBXResourcesBuildPhase section */

/* Begin PBXSourcesBuildPhase section */
		83DA167D1A17EB07004E0837 /* Sources */ = {
			isa = PBXSourcesBuildPhase;
			buildActionMask = 2147483647;
			files = (
				83DA16891A17EB07004E0837 /* ViewController.swift in Sources */,
				83DA16871A17EB07004E0837 /* AppDelegate.swift in Sources */,
			);
			runOnlyForDeploymentPostprocessing = 0;
		};
		83DA16921A17EB07004E0837 /* Sources */ = {
			isa = PBXSourcesBuildPhase;
			buildActionMask = 2147483647;
			files = (
				83DA169D1A17EB07004E0837 /* WarTests.swift in Sources */,
			);
			runOnlyForDeploymentPostprocessing = 0;
		};
/* End PBXSourcesBuildPhase section */

/* Begin PBXTargetDependency section */
		83DA16981A17EB07004E0837 /* PBXTargetDependency */ = {
			isa = PBXTargetDependency;
			target = 83DA16801A17EB07004E0837 /* War */;
			targetProxy = 83DA16971A17EB07004E0837 /* PBXContainerItemProxy */;
		};
/* End PBXTargetDependency section */

/* Begin PBXVariantGroup section */
		83DA168A1A17EB07004E0837 /* Main.storyboard */ = {
			isa = PBXVariantGroup;
			children = (
				83DA168B1A17EB07004E0837 /* Base */,
			);
			name = Main.storyboard;
			sourceTree = "<group>";
		};
		83DA168F1A17EB07004E0837 /* LaunchScreen.xib */ = {
			isa = PBXVariantGroup;
			children = (
				83DA16901A17EB07004E0837 /* Base */,
			);
			name = LaunchScreen.xib;
			sourceTree = "<group>";
		};
/* End PBXVariantGroup section */

/* Begin XCBuildConfiguration section */
		83DA169E1A17EB07004E0837 /* Debug */ = {
			isa = XCBuildConfiguration;
			buildSettings = {
				ALWAYS_SEARCH_USER_PATHS = NO;
				CLANG_CXX_LANGUAGE_STANDARD = "gnu++0x";
				CLANG_CXX_LIBRARY = "libc++";
				CLANG_ENABLE_MODULES = YES;
				CLANG_ENABLE_OBJC_ARC = YES;
				CLANG_WARN_BOOL_CONVERSION = YES;
				CLANG_WARN_CONSTANT_CONVERSION = YES;
				CLANG_WARN_DIRECT_OBJC_ISA_USAGE = YES_ERROR;
				CLANG_WARN_EMPTY_BODY = YES;
				CLANG_WARN_ENUM_CONVERSION = YES;
				CLANG_WARN_INT_CONVERSION = YES;
				CLANG_WARN_OBJC_ROOT_CLASS = YES_ERROR;
				CLANG_WARN_UNREACHABLE_CODE = YES;
				CLANG_WARN__DUPLICATE_METHOD_MATCH = YES;
				"CODE_SIGN_IDENTITY[sdk=iphoneos*]" = "iPhone Developer";
				COPY_PHASE_STRIP = NO;
				ENABLE_STRICT_OBJC_MSGSEND = YES;
				GCC_C_LANGUAGE_STANDARD = gnu99;
				GCC_DYNAMIC_NO_PIC = NO;
				GCC_OPTIMIZATION_LEVEL = 0;
				GCC_PREPROCESSOR_DEFINITIONS = (
					"DEBUG=1",
					"$(inherited)",
				);
				GCC_SYMBOLS_PRIVATE_EXTERN = NO;
				GCC_WARN_64_TO_32_BIT_CONVERSION = YES;
				GCC_WARN_ABOUT_RETURN_TYPE = YES_ERROR;
				GCC_WARN_UNDECLARED_SELECTOR = YES;
				GCC_WARN_UNINITIALIZED_AUTOS = YES_AGGRESSIVE;
				GCC_WARN_UNUSED_FUNCTION = YES;
				GCC_WARN_UNUSED_VARIABLE = YES;
				IPHONEOS_DEPLOYMENT_TARGET = 8.1;
				MTL_ENABLE_DEBUG_INFO = YES;
				ONLY_ACTIVE_ARCH = YES;
				SDKROOT = iphoneos;
				SWIFT_OPTIMIZATION_LEVEL = "-Onone";
			};
			name = Debug;
		};
		83DA169F1A17EB07004E0837 /* Release */ = {
			isa = XCBuildConfiguration;
			buildSettings = {
				ALWAYS_SEARCH_USER_PATHS = NO;
				CLANG_CXX_LANGUAGE_STANDARD = "gnu++0x";
				CLANG_CXX_LIBRARY = "libc++";
				CLANG_ENABLE_MODULES = YES;
				CLANG_ENABLE_OBJC_ARC = YES;
				CLANG_WARN_BOOL_CONVERSION = YES;
				CLANG_WARN_CONSTANT_CONVERSION = YES;
				CLANG_WARN_DIRECT_OBJC_ISA_USAGE = YES_ERROR;
				CLANG_WARN_EMPTY_BODY = YES;
				CLANG_WARN_ENUM_CONVERSION = YES;
				CLANG_WARN_INT_CONVERSION = YES;
				CLANG_WARN_OBJC_ROOT_CLASS = YES_ERROR;
				CLANG_WARN_UNREACHABLE_CODE = YES;
				CLANG_WARN__DUPLICATE_METHOD_MATCH = YES;
				"CODE_SIGN_IDENTITY[sdk=iphoneos*]" = "iPhone Developer";
				COPY_PHASE_STRIP = YES;
				ENABLE_NS_ASSERTIONS = NO;
				ENABLE_STRICT_OBJC_MSGSEND = YES;
				GCC_C_LANGUAGE_STANDARD = gnu99;
				GCC_WARN_64_TO_32_BIT_CONVERSION = YES;
				GCC_WARN_ABOUT_RETURN_TYPE = YES_ERROR;
				GCC_WARN_UNDECLARED_SELECTOR = YES;
				GCC_WARN_UNINITIALIZED_AUTOS = YES_AGGRESSIVE;
				GCC_WARN_UNUSED_FUNCTION = YES;
				GCC_WARN_UNUSED_VARIABLE = YES;
				IPHONEOS_DEPLOYMENT_TARGET = 8.1;
				MTL_ENABLE_DEBUG_INFO = NO;
				SDKROOT = iphoneos;
				VALIDATE_PRODUCT = YES;
			};
			name = Release;
		};
		83DA16A11A17EB07004E0837 /* Debug */ = {
			isa = XCBuildConfiguration;
			buildSettings = {
				ASSETCATALOG_COMPILER_APPICON_NAME = AppIcon;
				INFOPLIST_FILE = War/Info.plist;
				LD_RUNPATH_SEARCH_PATHS = "$(inherited) @executable_path/Frameworks";
				PRODUCT_NAME = "$(TARGET_NAME)";
			};
			name = Debug;
		};
		83DA16A21A17EB07004E0837 /* Release */ = {
			isa = XCBuildConfiguration;
			buildSettings = {
				ASSETCATALOG_COMPILER_APPICON_NAME = AppIcon;
				INFOPLIST_FILE = War/Info.plist;
				LD_RUNPATH_SEARCH_PATHS = "$(inherited) @executable_path/Frameworks";
				PRODUCT_NAME = "$(TARGET_NAME)";
			};
			name = Release;
		};
		83DA16A41A17EB07004E0837 /* Debug */ = {
			isa = XCBuildConfiguration;
			buildSettings = {
				BUNDLE_LOADER = "$(TEST_HOST)";
				FRAMEWORK_SEARCH_PATHS = (
					"$(SDKROOT)/Developer/Library/Frameworks",
					"$(inherited)",
				);
				GCC_PREPROCESSOR_DEFINITIONS = (
					"DEBUG=1",
					"$(inherited)",
				);
				INFOPLIST_FILE = WarTests/Info.plist;
				LD_RUNPATH_SEARCH_PATHS = "$(inherited) @executable_path/Frameworks @loader_path/Frameworks";
				PRODUCT_NAME = "$(TARGET_NAME)";
				TEST_HOST = "$(BUILT_PRODUCTS_DIR)/War.app/War";
			};
			name = Debug;
		};
		83DA16A51A17EB07004E0837 /* Release */ = {
			isa = XCBuildConfiguration;
			buildSettings = {
				BUNDLE_LOADER = "$(TEST_HOST)";
				FRAMEWORK_SEARCH_PATHS = (
					"$(SDKROOT)/Developer/Library/Frameworks",
					"$(inherited)",
				);
				INFOPLIST_FILE = WarTests/Info.plist;
				LD_RUNPATH_SEARCH_PATHS = "$(inherited) @executable_path/Frameworks @loader_path/Frameworks";
				PRODUCT_NAME = "$(TARGET_NAME)";
				TEST_HOST = "$(BUILT_PRODUCTS_DIR)/War.app/War";
			};
			name = Release;
		};
/* End XCBuildConfiguration section */

/* Begin XCConfigurationList section */
		83DA167C1A17EB07004E0837 /* Build configuration list for PBXProject "War" */ = {
			isa = XCConfigurationList;
			buildConfigurations = (
				83DA169E1A17EB07004E0837 /* Debug */,
				83DA169F1A17EB07004E0837 /* Release */,
			);
			defaultConfigurationIsVisible = 0;
			defaultConfigurationName = Release;
		};
		83DA16A01A17EB07004E0837 /* Build configuration list for PBXNativeTarget "War" */ = {
			isa = XCConfigurationList;
			buildConfigurations = (
				83DA16A11A17EB07004E0837 /* Debug */,
				83DA16A21A17EB07004E0837 /* Release */,
			);
			defaultConfigurationIsVisible = 0;
		};
		83DA16A31A17EB07004E0837 /* Build configuration list for PBXNativeTarget "WarTests" */ = {
			isa = XCConfigurationList;
			buildConfigurations = (
				83DA16A41A17EB07004E0837 /* Debug */,
				83DA16A51A17EB07004E0837 /* Release */,
			);
			defaultConfigurationIsVisible = 0;
		};
/* End XCConfigurationList section */
	};
	rootObject = 83DA16791A17EB07004E0837 /* Project object */;
}
